// !$*UTF8*$!
{
	archiveVersion = 1;
	classes = {
	};
	objectVersion = 46;
	objects = {

/* Begin PBXBuildFile section */
		443AF9F31D902557005FD46E /* FBHF9668.mp4 in Resources */ = {isa = PBXBuildFile; fileRef = 443AF9EE1D902557005FD46E /* FBHF9668.mp4 */; };
		443AF9F41D902557005FD46E /* FBIX1897.mp4 in Resources */ = {isa = PBXBuildFile; fileRef = 443AF9EF1D902557005FD46E /* FBIX1897.mp4 */; };
		443AF9F51D902557005FD46E /* JKUO2477.mp4 in Resources */ = {isa = PBXBuildFile; fileRef = 443AF9F01D902557005FD46E /* JKUO2477.mp4 */; };
		443AF9F61D902557005FD46E /* RBDI3723.mp4 in Resources */ = {isa = PBXBuildFile; fileRef = 443AF9F11D902557005FD46E /* RBDI3723.mp4 */; };
		443AF9F71D902557005FD46E /* XMQG0194.mp4 in Resources */ = {isa = PBXBuildFile; fileRef = 443AF9F21D902557005FD46E /* XMQG0194.mp4 */; };
		443AF9F91D90257E005FD46E /* VideoTransitions.swift in Sources */ = {isa = PBXBuildFile; fileRef = 443AF9F81D90257E005FD46E /* VideoTransitions.swift */; };
		443E65ED1D8988500069CE43 /* AppDelegate.swift in Sources */ = {isa = PBXBuildFile; fileRef = 443E65EC1D8988500069CE43 /* AppDelegate.swift */; };
		443E65EF1D8988500069CE43 /* ViewController.swift in Sources */ = {isa = PBXBuildFile; fileRef = 443E65EE1D8988500069CE43 /* ViewController.swift */; };
		443E65F21D8988500069CE43 /* Main.storyboard in Resources */ = {isa = PBXBuildFile; fileRef = 443E65F01D8988500069CE43 /* Main.storyboard */; };
		443E65F41D8988510069CE43 /* Assets.xcassets in Resources */ = {isa = PBXBuildFile; fileRef = 443E65F31D8988510069CE43 /* Assets.xcassets */; };
		443E65F71D8988510069CE43 /* LaunchScreen.storyboard in Resources */ = {isa = PBXBuildFile; fileRef = 443E65F51D8988510069CE43 /* LaunchScreen.storyboard */; };
		448A476B1D8C245500AF1F43 /* movietransitions.swift in Sources */ = {isa = PBXBuildFile; fileRef = 448A476A1D8C245500AF1F43 /* movietransitions.swift */; };
/* End PBXBuildFile section */

/* Begin PBXFileReference section */
		443AF9EE1D902557005FD46E /* FBHF9668.mp4 */ = {isa = PBXFileReference; lastKnownFileType = file; name = FBHF9668.mp4; path = Videos/FBHF9668.mp4; sourceTree = SOURCE_ROOT; };
		443AF9EF1D902557005FD46E /* FBIX1897.mp4 */ = {isa = PBXFileReference; lastKnownFileType = file; name = FBIX1897.mp4; path = Videos/FBIX1897.mp4; sourceTree = SOURCE_ROOT; };
		443AF9F01D902557005FD46E /* JKUO2477.mp4 */ = {isa = PBXFileReference; lastKnownFileType = file; name = JKUO2477.mp4; path = Videos/JKUO2477.mp4; sourceTree = SOURCE_ROOT; };
		443AF9F11D902557005FD46E /* RBDI3723.mp4 */ = {isa = PBXFileReference; lastKnownFileType = file; name = RBDI3723.mp4; path = Videos/RBDI3723.mp4; sourceTree = SOURCE_ROOT; };
		443AF9F21D902557005FD46E /* XMQG0194.mp4 */ = {isa = PBXFileReference; lastKnownFileType = file; name = XMQG0194.mp4; path = Videos/XMQG0194.mp4; sourceTree = SOURCE_ROOT; };
		443AF9F81D90257E005FD46E /* VideoTransitions.swift */ = {isa = PBXFileReference; fileEncoding = 4; lastKnownFileType = sourcecode.swift; path = VideoTransitions.swift; sourceTree = "<group>"; };
		443E65E91D8988500069CE43 /* Transitions.app */ = {isa = PBXFileReference; explicitFileType = wrapper.application; includeInIndex = 0; path = Transitions.app; sourceTree = BUILT_PRODUCTS_DIR; };
		443E65EC1D8988500069CE43 /* AppDelegate.swift */ = {isa = PBXFileReference; lastKnownFileType = sourcecode.swift; path = AppDelegate.swift; sourceTree = "<group>"; };
		443E65EE1D8988500069CE43 /* ViewController.swift */ = {isa = PBXFileReference; lastKnownFileType = sourcecode.swift; path = ViewController.swift; sourceTree = "<group>"; };
		443E65F11D8988500069CE43 /* Base */ = {isa = PBXFileReference; lastKnownFileType = file.storyboard; name = Base; path = Base.lproj/Main.storyboard; sourceTree = "<group>"; };
		443E65F31D8988510069CE43 /* Assets.xcassets */ = {isa = PBXFileReference; lastKnownFileType = folder.assetcatalog; path = Assets.xcassets; sourceTree = "<group>"; };
		443E65F61D8988510069CE43 /* Base */ = {isa = PBXFileReference; lastKnownFileType = file.storyboard; name = Base; path = Base.lproj/LaunchScreen.storyboard; sourceTree = "<group>"; };
		443E65F81D8988510069CE43 /* Info.plist */ = {isa = PBXFileReference; lastKnownFileType = text.plist.xml; path = Info.plist; sourceTree = "<group>"; };
		443E66011D8988510069CE43 /* TransitionsTests.swift */ = {isa = PBXFileReference; lastKnownFileType = sourcecode.swift; path = TransitionsTests.swift; sourceTree = "<group>"; };
		443E66031D8988510069CE43 /* Info.plist */ = {isa = PBXFileReference; lastKnownFileType = text.plist.xml; path = Info.plist; sourceTree = "<group>"; };
		443E660C1D8988510069CE43 /* TransitionsUITests.swift */ = {isa = PBXFileReference; lastKnownFileType = sourcecode.swift; path = TransitionsUITests.swift; sourceTree = "<group>"; };
		443E660E1D8988510069CE43 /* Info.plist */ = {isa = PBXFileReference; lastKnownFileType = text.plist.xml; path = Info.plist; sourceTree = "<group>"; };
		448A476A1D8C245500AF1F43 /* movietransitions.swift */ = {isa = PBXFileReference; fileEncoding = 4; lastKnownFileType = sourcecode.swift; path = movietransitions.swift; sourceTree = "<group>"; };
/* End PBXFileReference section */

/* Begin PBXFrameworksBuildPhase section */
		443E65E61D8988500069CE43 /* Frameworks */ = {
			isa = PBXFrameworksBuildPhase;
			buildActionMask = 2147483647;
			files = (
			);
			runOnlyForDeploymentPostprocessing = 0;
		};
/* End PBXFrameworksBuildPhase section */

/* Begin PBXGroup section */
		443E65E01D8988500069CE43 = {
			isa = PBXGroup;
			children = (
				443E65EB1D8988500069CE43 /* Transitions */,
				443E66001D8988510069CE43 /* TransitionsTests */,
				443E660B1D8988510069CE43 /* TransitionsUITests */,
				443E65EA1D8988500069CE43 /* Products */,
			);
			sourceTree = "<group>";
		};
		443E65EA1D8988500069CE43 /* Products */ = {
			isa = PBXGroup;
			children = (
				443E65E91D8988500069CE43 /* Transitions.app */,
			);
			name = Products;
			sourceTree = "<group>";
		};
		443E65EB1D8988500069CE43 /* Transitions */ = {
			isa = PBXGroup;
			children = (
				443AF9EE1D902557005FD46E /* FBHF9668.mp4 */,
				443AF9EF1D902557005FD46E /* FBIX1897.mp4 */,
				443AF9F01D902557005FD46E /* JKUO2477.mp4 */,
				443AF9F11D902557005FD46E /* RBDI3723.mp4 */,
				443AF9F21D902557005FD46E /* XMQG0194.mp4 */,
				448A476A1D8C245500AF1F43 /* movietransitions.swift */,
				443AF9F81D90257E005FD46E /* VideoTransitions.swift */,
				443E65EC1D8988500069CE43 /* AppDelegate.swift */,
				443E65EE1D8988500069CE43 /* ViewController.swift */,
				443E65F01D8988500069CE43 /* Main.storyboard */,
				443E65F31D8988510069CE43 /* Assets.xcassets */,
				443E65F51D8988510069CE43 /* LaunchScreen.storyboard */,
				443E65F81D8988510069CE43 /* Info.plist */,
			);
			path = Transitions;
			sourceTree = "<group>";
		};
		443E66001D8988510069CE43 /* TransitionsTests */ = {
			isa = PBXGroup;
			children = (
				443E66011D8988510069CE43 /* TransitionsTests.swift */,
				443E66031D8988510069CE43 /* Info.plist */,
			);
			path = TransitionsTests;
			sourceTree = "<group>";
		};
		443E660B1D8988510069CE43 /* TransitionsUITests */ = {
			isa = PBXGroup;
			children = (
				443E660C1D8988510069CE43 /* TransitionsUITests.swift */,
				443E660E1D8988510069CE43 /* Info.plist */,
			);
			path = TransitionsUITests;
			sourceTree = "<group>";
		};
/* End PBXGroup section */

/* Begin PBXNativeTarget section */
		443E65E81D8988500069CE43 /* Transitions */ = {
			isa = PBXNativeTarget;
			buildConfigurationList = 443E66111D8988510069CE43 /* Build configuration list for PBXNativeTarget "Transitions" */;
			buildPhases = (
				443E65E51D8988500069CE43 /* Sources */,
				443E65E61D8988500069CE43 /* Frameworks */,
				443E65E71D8988500069CE43 /* Resources */,
			);
			buildRules = (
			);
			dependencies = (
			);
			name = Transitions;
			productName = Transitions;
			productReference = 443E65E91D8988500069CE43 /* Transitions.app */;
			productType = "com.apple.product-type.application";
		};
/* End PBXNativeTarget section */

/* Begin PBXProject section */
		443E65E11D8988500069CE43 /* Project object */ = {
			isa = PBXProject;
			attributes = {
				LastSwiftMigration = 0730;
				LastSwiftUpdateCheck = 0730;
				LastUpgradeCheck = 0730;
				ORGANIZATIONNAME = "German Pereyra";
				TargetAttributes = {
					443E65E81D8988500069CE43 = {
						CreatedOnToolsVersion = 7.3.1;
					};
				};
			};
			buildConfigurationList = 443E65E41D8988500069CE43 /* Build configuration list for PBXProject "Transitions" */;
			compatibilityVersion = "Xcode 3.2";
			developmentRegion = English;
			hasScannedForEncodings = 0;
			knownRegions = (
				en,
				Base,
			);
			mainGroup = 443E65E01D8988500069CE43;
			productRefGroup = 443E65EA1D8988500069CE43 /* Products */;
			projectDirPath = "";
			projectRoot = "";
			targets = (
				443E65E81D8988500069CE43 /* Transitions */,
			);
		};
/* End PBXProject section */

/* Begin PBXResourcesBuildPhase section */
		443E65E71D8988500069CE43 /* Resources */ = {
			isa = PBXResourcesBuildPhase;
			buildActionMask = 2147483647;
			files = (
				443E65F71D8988510069CE43 /* LaunchScreen.storyboard in Resources */,
				443E65F41D8988510069CE43 /* Assets.xcassets in Resources */,
				443AF9F51D902557005FD46E /* JKUO2477.mp4 in Resources */,
				443AF9F31D902557005FD46E /* FBHF9668.mp4 in Resources */,
				443E65F21D8988500069CE43 /* Main.storyboard in Resources */,
				443AF9F41D902557005FD46E /* FBIX1897.mp4 in Resources */,
				443AF9F71D902557005FD46E /* XMQG0194.mp4 in Resources */,
				443AF9F61D902557005FD46E /* RBDI3723.mp4 in Resources */,
			);
			runOnlyForDeploymentPostprocessing = 0;
		};
/* End PBXResourcesBuildPhase section */

/* Begin PBXSourcesBuildPhase section */
		443E65E51D8988500069CE43 /* Sources */ = {
			isa = PBXSourcesBuildPhase;
			buildActionMask = 2147483647;
			files = (
				443E65EF1D8988500069CE43 /* ViewController.swift in Sources */,
				443E65ED1D8988500069CE43 /* AppDelegate.swift in Sources */,
				443AF9F91D90257E005FD46E /* VideoTransitions.swift in Sources */,
				448A476B1D8C245500AF1F43 /* movietransitions.swift in Sources */,
			);
			runOnlyForDeploymentPostprocessing = 0;
		};
/* End PBXSourcesBuildPhase section */

/* Begin PBXVariantGroup section */
		443E65F01D8988500069CE43 /* Main.storyboard */ = {
			isa = PBXVariantGroup;
			children = (
				443E65F11D8988500069CE43 /* Base */,
			);
			name = Main.storyboard;
			sourceTree = "<group>";
		};
		443E65F51D8988510069CE43 /* LaunchScreen.storyboard */ = {
			isa = PBXVariantGroup;
			children = (
				443E65F61D8988510069CE43 /* Base */,
			);
			name = LaunchScreen.storyboard;
			sourceTree = "<group>";
		};
/* End PBXVariantGroup section */

/* Begin XCBuildConfiguration section */
		443E660F1D8988510069CE43 /* Debug */ = {
			isa = XCBuildConfiguration;
			buildSettings = {
				ALWAYS_SEARCH_USER_PATHS = NO;
				CLANG_ANALYZER_NONNULL = YES;
				CLANG_CXX_LANGUAGE_STANDARD = "gnu++0x";
				CLANG_CXX_LIBRARY = "libc++";
				CLANG_ENABLE_MODULES = YES;
				CLANG_ENABLE_OBJC_ARC = YES;
				CLANG_WARN_BOOL_CONVERSION = YES;
				CLANG_WARN_CONSTANT_CONVERSION = YES;
				CLANG_WARN_DIRECT_OBJC_ISA_USAGE = YES_ERROR;
				CLANG_WARN_EMPTY_BODY = YES;
				CLANG_WARN_ENUM_CONVERSION = YES;
				CLANG_WARN_INT_CONVERSION = YES;
				CLANG_WARN_OBJC_ROOT_CLASS = YES_ERROR;
				CLANG_WARN_UNREACHABLE_CODE = YES;
				CLANG_WARN__DUPLICATE_METHOD_MATCH = YES;
				"CODE_SIGN_IDENTITY[sdk=iphoneos*]" = "iPhone Developer";
				COPY_PHASE_STRIP = NO;
				DEBUG_INFORMATION_FORMAT = dwarf;
				ENABLE_STRICT_OBJC_MSGSEND = YES;
				ENABLE_TESTABILITY = YES;
				GCC_C_LANGUAGE_STANDARD = gnu99;
				GCC_DYNAMIC_NO_PIC = NO;
				GCC_NO_COMMON_BLOCKS = YES;
				GCC_OPTIMIZATION_LEVEL = 0;
				GCC_PREPROCESSOR_DEFINITIONS = (
					"DEBUG=1",
					"$(inherited)",
				);
				GCC_WARN_64_TO_32_BIT_CONVERSION = YES;
				GCC_WARN_ABOUT_RETURN_TYPE = YES_ERROR;
				GCC_WARN_UNDECLARED_SELECTOR = YES;
				GCC_WARN_UNINITIALIZED_AUTOS = YES_AGGRESSIVE;
				GCC_WARN_UNUSED_FUNCTION = YES;
				GCC_WARN_UNUSED_VARIABLE = YES;
				IPHONEOS_DEPLOYMENT_TARGET = 9.3;
				MTL_ENABLE_DEBUG_INFO = YES;
				ONLY_ACTIVE_ARCH = YES;
				SDKROOT = iphoneos;
				SWIFT_OPTIMIZATION_LEVEL = "-Onone";
				TARGETED_DEVICE_FAMILY = "1,2";
			};
			name = Debug;
		};
		443E66101D8988510069CE43 /* Release */ = {
			isa = XCBuildConfiguration;
			buildSettings = {
				ALWAYS_SEARCH_USER_PATHS = NO;
				CLANG_ANALYZER_NONNULL = YES;
				CLANG_CXX_LANGUAGE_STANDARD = "gnu++0x";
				CLANG_CXX_LIBRARY = "libc++";
				CLANG_ENABLE_MODULES = YES;
				CLANG_ENABLE_OBJC_ARC = YES;
				CLANG_WARN_BOOL_CONVERSION = YES;
				CLANG_WARN_CONSTANT_CONVERSION = YES;
				CLANG_WARN_DIRECT_OBJC_ISA_USAGE = YES_ERROR;
				CLANG_WARN_EMPTY_BODY = YES;
				CLANG_WARN_ENUM_CONVERSION = YES;
				CLANG_WARN_INT_CONVERSION = YES;
				CLANG_WARN_OBJC_ROOT_CLASS = YES_ERROR;
				CLANG_WARN_UNREACHABLE_CODE = YES;
				CLANG_WARN__DUPLICATE_METHOD_MATCH = YES;
				"CODE_SIGN_IDENTITY[sdk=iphoneos*]" = "iPhone Developer";
				COPY_PHASE_STRIP = NO;
				DEBUG_INFORMATION_FORMAT = "dwarf-with-dsym";
				ENABLE_NS_ASSERTIONS = NO;
				ENABLE_STRICT_OBJC_MSGSEND = YES;
				GCC_C_LANGUAGE_STANDARD = gnu99;
				GCC_NO_COMMON_BLOCKS = YES;
				GCC_WARN_64_TO_32_BIT_CONVERSION = YES;
				GCC_WARN_ABOUT_RETURN_TYPE = YES_ERROR;
				GCC_WARN_UNDECLARED_SELECTOR = YES;
				GCC_WARN_UNINITIALIZED_AUTOS = YES_AGGRESSIVE;
				GCC_WARN_UNUSED_FUNCTION = YES;
				GCC_WARN_UNUSED_VARIABLE = YES;
				IPHONEOS_DEPLOYMENT_TARGET = 9.3;
				MTL_ENABLE_DEBUG_INFO = NO;
				SDKROOT = iphoneos;
				TARGETED_DEVICE_FAMILY = "1,2";
				VALIDATE_PRODUCT = YES;
			};
			name = Release;
		};
		443E66121D8988510069CE43 /* Debug */ = {
			isa = XCBuildConfiguration;
			buildSettings = {
				ASSETCATALOG_COMPILER_APPICON_NAME = AppIcon;
				INFOPLIST_FILE = Transitions/Info.plist;
				LD_RUNPATH_SEARCH_PATHS = "$(inherited) @executable_path/Frameworks";
				PRODUCT_BUNDLE_IDENTIFIER = com.germanpereyra.Transitions;
				PRODUCT_NAME = "$(TARGET_NAME)";
			};
			name = Debug;
		};
		443E66131D8988510069CE43 /* Release */ = {
			isa = XCBuildConfiguration;
			buildSettings = {
				ASSETCATALOG_COMPILER_APPICON_NAME = AppIcon;
				INFOPLIST_FILE = Transitions/Info.plist;
				LD_RUNPATH_SEARCH_PATHS = "$(inherited) @executable_path/Frameworks";
				PRODUCT_BUNDLE_IDENTIFIER = com.germanpereyra.Transitions;
				PRODUCT_NAME = "$(TARGET_NAME)";
			};
			name = Release;
		};
/* End XCBuildConfiguration section */

/* Begin XCConfigurationList section */
		443E65E41D8988500069CE43 /* Build configuration list for PBXProject "Transitions" */ = {
			isa = XCConfigurationList;
			buildConfigurations = (
				443E660F1D8988510069CE43 /* Debug */,
				443E66101D8988510069CE43 /* Release */,
			);
			defaultConfigurationIsVisible = 0;
			defaultConfigurationName = Release;
		};
		443E66111D8988510069CE43 /* Build configuration list for PBXNativeTarget "Transitions" */ = {
			isa = XCConfigurationList;
			buildConfigurations = (
				443E66121D8988510069CE43 /* Debug */,
				443E66131D8988510069CE43 /* Release */,
			);
			defaultConfigurationIsVisible = 0;
			defaultConfigurationName = Release;
		};
/* End XCConfigurationList section */
	};
	rootObject = 443E65E11D8988500069CE43 /* Project object */;
}
